
Microsoft Visual Studio Solution File, Format Version 12.00
# Visual Studio 15
Project("{FAE04EC0-301F-11D3-BF4B-00C04F79EFBC}") = "Unity.Timeline", "Unity.Timeline.csproj", "{4DD8241B-BACB-D37F-3038-6BDE873BDCA7}"
EndProject
Project("{FAE04EC0-301F-11D3-BF4B-00C04F79EFBC}") = "Unity.Timeline.Editor", "Unity.Timeline.Editor.csproj", "{E877393A-438D-880A-A26F-DA5DC9AFA2AA}"
EndProject
Project("{FAE04EC0-301F-11D3-BF4B-00C04F79EFBC}") = "Unity.PlasticSCM.Editor", "Unity.PlasticSCM.Editor.csproj", "{1648159A-DFA9-DBFD-14A3-5AB0380A4AC4}"
EndProject
Project("{FAE04EC0-301F-11D3-BF4B-00C04F79EFBC}") = "Unity.TextMeshPro.Editor", "Unity.TextMeshPro.Editor.csproj", "{2BAC8BAC-92EA-9039-C70B-7A9D03374EC2}"
EndProject
Project("{FAE04EC0-301F-11D3-BF4B-00C04F79EFBC}") = "Unity.Robotics.ROSTCPConnector.Editor", "Unity.Robotics.ROSTCPConnector.Editor.csproj", "{949FB6BF-8C4B-918E-A6A3-9B4FAA3DE732}"
EndProject
Project("{FAE04EC0-301F-11D3-BF4B-00C04F79EFBC}") = "Unity.VisualScripting.Flow", "Unity.VisualScripting.Flow.csproj", "{24439D5A-CE7A-BB20-DAA7-426022EFF7B3}"
EndProject
Project("{FAE04EC0-301F-11D3-BF4B-00C04F79EFBC}") = "UnityEditor.UI", "UnityEditor.UI.csproj", "{B4B3DC81-6149-5944-58D4-5DC5301C4576}"
EndProject
Project("{FAE04EC0-301F-11D3-BF4B-00C04F79EFBC}") = "Unity.Robotics.ROSTCPConnector.Messages", "Unity.Robotics.ROSTCPConnector.Messages.csproj", "{8943648E-4850-F842-4FE4-8F516C21D35F}"
EndProject
Project("{FAE04EC0-301F-11D3-BF4B-00C04F79EFBC}") = "Unity.VisualScripting.Core", "Unity.VisualScripting.Core.csproj", "{E933ED15-2727-4B3D-E944-265EB8A3C85E}"
EndProject
Project("{FAE04EC0-301F-11D3-BF4B-00C04F79EFBC}") = "Unity.VisualScripting.Core.Editor", "Unity.VisualScripting.Core.Editor.csproj", "{EF61F5E5-9FC3-27F4-6442-3C2C5FD75EEE}"
EndProject
Project("{FAE04EC0-301F-11D3-BF4B-00C04F79EFBC}") = "Unity.VisualScripting.Flow.Editor", "Unity.VisualScripting.Flow.Editor.csproj", "{6B7C896D-8FB1-0109-F1A5-F78AC2B33F29}"
EndProject
Project("{FAE04EC0-301F-11D3-BF4B-00C04F79EFBC}") = "UnityEditor.TestRunner", "UnityEditor.TestRunner.csproj", "{2FD3847E-5C34-FA52-524C-AD4DE2BBD3FA}"
EndProject
Project("{FAE04EC0-301F-11D3-BF4B-00C04F79EFBC}") = "Unity.VisualScripting.SettingsProvider.Editor", "Unity.VisualScripting.SettingsProvider.Editor.csproj", "{C04BBAAF-E17D-E8F6-BDF6-BC73DAF7769E}"
EndProject
Project("{FAE04EC0-301F-11D3-BF4B-00C04F79EFBC}") = "Assembly-CSharp", "Assembly-CSharp.csproj", "{A2DFBC75-6B49-D5D7-D32D-40A51099EC61}"
EndProject
Project("{FAE04EC0-301F-11D3-BF4B-00C04F79EFBC}") = "UnityEngine.TestRunner", "UnityEngine.TestRunner.csproj", "{F09C8149-9F61-3CB3-FDDD-C19D279EA0C8}"
EndProject
Project("{FAE04EC0-301F-11D3-BF4B-00C04F79EFBC}") = "UnityEngine.UI", "UnityEngine.UI.csproj", "{53EF7C31-49D2-0929-516B-E2427B1593CD}"
EndProject
Project("{FAE04EC0-301F-11D3-BF4B-00C04F79EFBC}") = "Unity.VisualStudio.Editor", "Unity.VisualStudio.Editor.csproj", "{81C66D3B-A4EC-671C-AB0A-820A20DA21AE}"
EndProject
Project("{FAE04EC0-301F-11D3-BF4B-00C04F79EFBC}") = "Unity.Robotics.ROSTCPConnector", "Unity.Robotics.ROSTCPConnector.csproj", "{CBC00B60-A56E-73D2-EF5A-B43F2ECE6DE0}"
EndProject
Project("{FAE04EC0-301F-11D3-BF4B-00C04F79EFBC}") = "Unity.TestTools.CodeCoverage.Editor.OpenCover.Model", "Unity.TestTools.CodeCoverage.Editor.OpenCover.Model.csproj", "{1412B736-C966-7BED-3D28-A22FDCA807B6}"
EndProject
Project("{FAE04EC0-301F-11D3-BF4B-00C04F79EFBC}") = "Unity.Rider.Editor", "Unity.Rider.Editor.csproj", "{9C9A289F-C4B3-13D0-2DD3-44120A0322D7}"
EndProject
Project("{FAE04EC0-301F-11D3-BF4B-00C04F79EFBC}") = "Unity.VisualScripting.State.Editor", "Unity.VisualScripting.State.Editor.csproj", "{87868E82-4613-A9A2-0312-276F8E4392C0}"
EndProject
Project("{FAE04EC0-301F-11D3-BF4B-00C04F79EFBC}") = "Unity.TestTools.CodeCoverage.Editor", "Unity.TestTools.CodeCoverage.Editor.csproj", "{18E52DF1-5AF3-987E-8F02-BC55CD439B93}"
EndProject
Project("{FAE04EC0-301F-11D3-BF4B-00C04F79EFBC}") = "Unity.CollabProxy.Editor", "Unity.CollabProxy.Editor.csproj", "{15B81724-F387-EBA7-6286-DE397F646C4C}"
EndProject
Project("{FAE04EC0-301F-11D3-BF4B-00C04F79EFBC}") = "Unity.VisualScripting.State", "Unity.VisualScripting.State.csproj", "{5F09467C-8D3E-6A68-B283-EA5B3EC1879D}"
EndProject
Project("{FAE04EC0-301F-11D3-BF4B-00C04F79EFBC}") = "Unity.TextMeshPro", "Unity.TextMeshPro.csproj", "{1B332A38-AA0B-7002-F9C7-60FA07C0EF6A}"
EndProject
Project("{FAE04EC0-301F-11D3-BF4B-00C04F79EFBC}") = "Unity.Performance.Profile-Analyzer.Editor", "Unity.Performance.Profile-Analyzer.Editor.csproj", "{E129A1EA-2E38-799A-0261-B9D02742926C}"
EndProject
Project("{FAE04EC0-301F-11D3-BF4B-00C04F79EFBC}") = "Unity.VSCode.Editor", "Unity.VSCode.Editor.csproj", "{19826DF4-FA8F-9D8B-D1F7-637A030376D4}"
EndProject
Project("{FAE04EC0-301F-11D3-BF4B-00C04F79EFBC}") = "Unity.TestTools.CodeCoverage.Editor.OpenCover.Mono.Reflection", "Unity.TestTools.CodeCoverage.Editor.OpenCover.Mono.Reflection.csproj", "{D05E58AD-354A-2E16-38DC-BB0CC06002F4}"
EndProject
Project("{FAE04EC0-301F-11D3-BF4B-00C04F79EFBC}") = "Unity.Settings.Editor", "Unity.Settings.Editor.csproj", "{D2B4306F-42A4-62BF-0E46-37B82DEBAAE5}"
EndProject
Project("{FAE04EC0-301F-11D3-BF4B-00C04F79EFBC}") = "Unity.Robotics.ROSTCPConnector.MessageGeneration", "Unity.Robotics.ROSTCPConnector.MessageGeneration.csproj", "{BBD873BB-A678-C1C4-4106-9341359BF901}"
EndProject
Project("{FAE04EC0-301F-11D3-BF4B-00C04F79EFBC}") = "Unity.EditorCoroutines.Editor", "Unity.EditorCoroutines.Editor.csproj", "{99BC1A6B-4A96-4860-4358-C9E1F14F8776}"
EndProject
Project("{FAE04EC0-301F-11D3-BF4B-00C04F79EFBC}") = "Unity.VisualScripting.Shared.Editor", "Unity.VisualScripting.Shared.Editor.csproj", "{8231D793-7F4F-A826-EC39-B8AF272B329D}"
EndProject
Project("{FAE04EC0-301F-11D3-BF4B-00C04F79EFBC}") = "Unity.PlasticSCM.Editor.Entities", "Unity.PlasticSCM.Editor.Entities.csproj", "{23B9A888-643F-9B3B-973A-8653DE318B61}"
EndProject
Global
	GlobalSection(SolutionConfigurationPlatforms) = preSolution
		Debug|Any CPU = Debug|Any CPU
		Release|Any CPU = Release|Any CPU
	EndGlobalSection
	GlobalSection(ProjectConfigurationPlatforms) = postSolution
		{4DD8241B-BACB-D37F-3038-6BDE873BDCA7}.Debug|Any CPU.ActiveCfg = Debug|Any CPU
		{4DD8241B-BACB-D37F-3038-6BDE873BDCA7}.Debug|Any CPU.Build.0 = Debug|Any CPU
		{4DD8241B-BACB-D37F-3038-6BDE873BDCA7}.Release|Any CPU.ActiveCfg = Release|Any CPU
		{4DD8241B-BACB-D37F-3038-6BDE873BDCA7}.Release|Any CPU.Build.0 = Release|Any CPU
		{E877393A-438D-880A-A26F-DA5DC9AFA2AA}.Debug|Any CPU.ActiveCfg = Debug|Any CPU
		{E877393A-438D-880A-A26F-DA5DC9AFA2AA}.Debug|Any CPU.Build.0 = Debug|Any CPU
		{E877393A-438D-880A-A26F-DA5DC9AFA2AA}.Release|Any CPU.ActiveCfg = Release|Any CPU
		{E877393A-438D-880A-A26F-DA5DC9AFA2AA}.Release|Any CPU.Build.0 = Release|Any CPU
		{1648159A-DFA9-DBFD-14A3-5AB0380A4AC4}.Debug|Any CPU.ActiveCfg = Debug|Any CPU
		{1648159A-DFA9-DBFD-14A3-5AB0380A4AC4}.Debug|Any CPU.Build.0 = Debug|Any CPU
		{1648159A-DFA9-DBFD-14A3-5AB0380A4AC4}.Release|Any CPU.ActiveCfg = Release|Any CPU
		{1648159A-DFA9-DBFD-14A3-5AB0380A4AC4}.Release|Any CPU.Build.0 = Release|Any CPU
		{2BAC8BAC-92EA-9039-C70B-7A9D03374EC2}.Debug|Any CPU.ActiveCfg = Debug|Any CPU
		{2BAC8BAC-92EA-9039-C70B-7A9D03374EC2}.Debug|Any CPU.Build.0 = Debug|Any CPU
		{2BAC8BAC-92EA-9039-C70B-7A9D03374EC2}.Release|Any CPU.ActiveCfg = Release|Any CPU
		{2BAC8BAC-92EA-9039-C70B-7A9D03374EC2}.Release|Any CPU.Build.0 = Release|Any CPU
		{949FB6BF-8C4B-918E-A6A3-9B4FAA3DE732}.Debug|Any CPU.ActiveCfg = Debug|Any CPU
		{949FB6BF-8C4B-918E-A6A3-9B4FAA3DE732}.Debug|Any CPU.Build.0 = Debug|Any CPU
		{949FB6BF-8C4B-918E-A6A3-9B4FAA3DE732}.Release|Any CPU.ActiveCfg = Release|Any CPU
		{949FB6BF-8C4B-918E-A6A3-9B4FAA3DE732}.Release|Any CPU.Build.0 = Release|Any CPU
		{24439D5A-CE7A-BB20-DAA7-426022EFF7B3}.Debug|Any CPU.ActiveCfg = Debug|Any CPU
		{24439D5A-CE7A-BB20-DAA7-426022EFF7B3}.Debug|Any CPU.Build.0 = Debug|Any CPU
		{24439D5A-CE7A-BB20-DAA7-426022EFF7B3}.Release|Any CPU.ActiveCfg = Release|Any CPU
		{24439D5A-CE7A-BB20-DAA7-426022EFF7B3}.Release|Any CPU.Build.0 = Release|Any CPU
		{B4B3DC81-6149-5944-58D4-5DC5301C4576}.Debug|Any CPU.ActiveCfg = Debug|Any CPU
		{B4B3DC81-6149-5944-58D4-5DC5301C4576}.Debug|Any CPU.Build.0 = Debug|Any CPU
		{B4B3DC81-6149-5944-58D4-5DC5301C4576}.Release|Any CPU.ActiveCfg = Release|Any CPU
		{B4B3DC81-6149-5944-58D4-5DC5301C4576}.Release|Any CPU.Build.0 = Release|Any CPU
		{8943648E-4850-F842-4FE4-8F516C21D35F}.Debug|Any CPU.ActiveCfg = Debug|Any CPU
		{8943648E-4850-F842-4FE4-8F516C21D35F}.Debug|Any CPU.Build.0 = Debug|Any CPU
		{8943648E-4850-F842-4FE4-8F516C21D35F}.Release|Any CPU.ActiveCfg = Release|Any CPU
		{8943648E-4850-F842-4FE4-8F516C21D35F}.Release|Any CPU.Build.0 = Release|Any CPU
		{E933ED15-2727-4B3D-E944-265EB8A3C85E}.Debug|Any CPU.ActiveCfg = Debug|Any CPU
		{E933ED15-2727-4B3D-E944-265EB8A3C85E}.Debug|Any CPU.Build.0 = Debug|Any CPU
		{E933ED15-2727-4B3D-E944-265EB8A3C85E}.Release|Any CPU.ActiveCfg = Release|Any CPU
		{E933ED15-2727-4B3D-E944-265EB8A3C85E}.Release|Any CPU.Build.0 = Release|Any CPU
		{EF61F5E5-9FC3-27F4-6442-3C2C5FD75EEE}.Debug|Any CPU.ActiveCfg = Debug|Any CPU
		{EF61F5E5-9FC3-27F4-6442-3C2C5FD75EEE}.Debug|Any CPU.Build.0 = Debug|Any CPU
		{EF61F5E5-9FC3-27F4-6442-3C2C5FD75EEE}.Release|Any CPU.ActiveCfg = Release|Any CPU
		{EF61F5E5-9FC3-27F4-6442-3C2C5FD75EEE}.Release|Any CPU.Build.0 = Release|Any CPU
		{6B7C896D-8FB1-0109-F1A5-F78AC2B33F29}.Debug|Any CPU.ActiveCfg = Debug|Any CPU
		{6B7C896D-8FB1-0109-F1A5-F78AC2B33F29}.Debug|Any CPU.Build.0 = Debug|Any CPU
		{6B7C896D-8FB1-0109-F1A5-F78AC2B33F29}.Release|Any CPU.ActiveCfg = Release|Any CPU
		{6B7C896D-8FB1-0109-F1A5-F78AC2B33F29}.Release|Any CPU.Build.0 = Release|Any CPU
		{2FD3847E-5C34-FA52-524C-AD4DE2BBD3FA}.Debug|Any CPU.ActiveCfg = Debug|Any CPU
		{2FD3847E-5C34-FA52-524C-AD4DE2BBD3FA}.Debug|Any CPU.Build.0 = Debug|Any CPU
		{2FD3847E-5C34-FA52-524C-AD4DE2BBD3FA}.Release|Any CPU.ActiveCfg = Release|Any CPU
		{2FD3847E-5C34-FA52-524C-AD4DE2BBD3FA}.Release|Any CPU.Build.0 = Release|Any CPU
		{C04BBAAF-E17D-E8F6-BDF6-BC73DAF7769E}.Debug|Any CPU.ActiveCfg = Debug|Any CPU
		{C04BBAAF-E17D-E8F6-BDF6-BC73DAF7769E}.Debug|Any CPU.Build.0 = Debug|Any CPU
		{C04BBAAF-E17D-E8F6-BDF6-BC73DAF7769E}.Release|Any CPU.ActiveCfg = Release|Any CPU
		{C04BBAAF-E17D-E8F6-BDF6-BC73DAF7769E}.Release|Any CPU.Build.0 = Release|Any CPU
		{A2DFBC75-6B49-D5D7-D32D-40A51099EC61}.Debug|Any CPU.ActiveCfg = Debug|Any CPU
		{A2DFBC75-6B49-D5D7-D32D-40A51099EC61}.Debug|Any CPU.Build.0 = Debug|Any CPU
		{A2DFBC75-6B49-D5D7-D32D-40A51099EC61}.Release|Any CPU.ActiveCfg = Release|Any CPU
		{A2DFBC75-6B49-D5D7-D32D-40A51099EC61}.Release|Any CPU.Build.0 = Release|Any CPU
		{F09C8149-9F61-3CB3-FDDD-C19D279EA0C8}.Debug|Any CPU.ActiveCfg = Debug|Any CPU
		{F09C8149-9F61-3CB3-FDDD-C19D279EA0C8}.Debug|Any CPU.Build.0 = Debug|Any CPU
		{F09C8149-9F61-3CB3-FDDD-C19D279EA0C8}.Release|Any CPU.ActiveCfg = Release|Any CPU
		{F09C8149-9F61-3CB3-FDDD-C19D279EA0C8}.Release|Any CPU.Build.0 = Release|Any CPU
		{53EF7C31-49D2-0929-516B-E2427B1593CD}.Debug|Any CPU.ActiveCfg = Debug|Any CPU
		{53EF7C31-49D2-0929-516B-E2427B1593CD}.Debug|Any CPU.Build.0 = Debug|Any CPU
		{53EF7C31-49D2-0929-516B-E2427B1593CD}.Release|Any CPU.ActiveCfg = Release|Any CPU
		{53EF7C31-49D2-0929-516B-E2427B1593CD}.Release|Any CPU.Build.0 = Release|Any CPU
		{81C66D3B-A4EC-671C-AB0A-820A20DA21AE}.Debug|Any CPU.ActiveCfg = Debug|Any CPU
		{81C66D3B-A4EC-671C-AB0A-820A20DA21AE}.Debug|Any CPU.Build.0 = Debug|Any CPU
		{81C66D3B-A4EC-671C-AB0A-820A20DA21AE}.Release|Any CPU.ActiveCfg = Release|Any CPU
		{81C66D3B-A4EC-671C-AB0A-820A20DA21AE}.Release|Any CPU.Build.0 = Release|Any CPU
		{CBC00B60-A56E-73D2-EF5A-B43F2ECE6DE0}.Debug|Any CPU.ActiveCfg = Debug|Any CPU
		{CBC00B60-A56E-73D2-EF5A-B43F2ECE6DE0}.Debug|Any CPU.Build.0 = Debug|Any CPU
		{CBC00B60-A56E-73D2-EF5A-B43F2ECE6DE0}.Release|Any CPU.ActiveCfg = Release|Any CPU
		{CBC00B60-A56E-73D2-EF5A-B43F2ECE6DE0}.Release|Any CPU.Build.0 = Release|Any CPU
		{1412B736-C966-7BED-3D28-A22FDCA807B6}.Debug|Any CPU.ActiveCfg = Debug|Any CPU
		{1412B736-C966-7BED-3D28-A22FDCA807B6}.Debug|Any CPU.Build.0 = Debug|Any CPU
		{1412B736-C966-7BED-3D28-A22FDCA807B6}.Release|Any CPU.ActiveCfg = Release|Any CPU
		{1412B736-C966-7BED-3D28-A22FDCA807B6}.Release|Any CPU.Build.0 = Release|Any CPU
		{9C9A289F-C4B3-13D0-2DD3-44120A0322D7}.Debug|Any CPU.ActiveCfg = Debug|Any CPU
		{9C9A289F-C4B3-13D0-2DD3-44120A0322D7}.Debug|Any CPU.Build.0 = Debug|Any CPU
		{9C9A289F-C4B3-13D0-2DD3-44120A0322D7}.Release|Any CPU.ActiveCfg = Release|Any CPU
		{9C9A289F-C4B3-13D0-2DD3-44120A0322D7}.Release|Any CPU.Build.0 = Release|Any CPU
		{87868E82-4613-A9A2-0312-276F8E4392C0}.Debug|Any CPU.ActiveCfg = Debug|Any CPU
		{87868E82-4613-A9A2-0312-276F8E4392C0}.Debug|Any CPU.Build.0 = Debug|Any CPU
		{87868E82-4613-A9A2-0312-276F8E4392C0}.Release|Any CPU.ActiveCfg = Release|Any CPU
		{87868E82-4613-A9A2-0312-276F8E4392C0}.Release|Any CPU.Build.0 = Release|Any CPU
		{18E52DF1-5AF3-987E-8F02-BC55CD439B93}.Debug|Any CPU.ActiveCfg = Debug|Any CPU
		{18E52DF1-5AF3-987E-8F02-BC55CD439B93}.Debug|Any CPU.Build.0 = Debug|Any CPU
		{18E52DF1-5AF3-987E-8F02-BC55CD439B93}.Release|Any CPU.ActiveCfg = Release|Any CPU
		{18E52DF1-5AF3-987E-8F02-BC55CD439B93}.Release|Any CPU.Build.0 = Release|Any CPU
		{15B81724-F387-EBA7-6286-DE397F646C4C}.Debug|Any CPU.ActiveCfg = Debug|Any CPU
		{15B81724-F387-EBA7-6286-DE397F646C4C}.Debug|Any CPU.Build.0 = Debug|Any CPU
		{15B81724-F387-EBA7-6286-DE397F646C4C}.Release|Any CPU.ActiveCfg = Release|Any CPU
		{15B81724-F387-EBA7-6286-DE397F646C4C}.Release|Any CPU.Build.0 = Release|Any CPU
		{5F09467C-8D3E-6A68-B283-EA5B3EC1879D}.Debug|Any CPU.ActiveCfg = Debug|Any CPU
		{5F09467C-8D3E-6A68-B283-EA5B3EC1879D}.Debug|Any CPU.Build.0 = Debug|Any CPU
		{5F09467C-8D3E-6A68-B283-EA5B3EC1879D}.Release|Any CPU.ActiveCfg = Release|Any CPU
		{5F09467C-8D3E-6A68-B283-EA5B3EC1879D}.Release|Any CPU.Build.0 = Release|Any CPU
		{1B332A38-AA0B-7002-F9C7-60FA07C0EF6A}.Debug|Any CPU.ActiveCfg = Debug|Any CPU
		{1B332A38-AA0B-7002-F9C7-60FA07C0EF6A}.Debug|Any CPU.Build.0 = Debug|Any CPU
		{1B332A38-AA0B-7002-F9C7-60FA07C0EF6A}.Release|Any CPU.ActiveCfg = Release|Any CPU
		{1B332A38-AA0B-7002-F9C7-60FA07C0EF6A}.Release|Any CPU.Build.0 = Release|Any CPU
		{E129A1EA-2E38-799A-0261-B9D02742926C}.Debug|Any CPU.ActiveCfg = Debug|Any CPU
		{E129A1EA-2E38-799A-0261-B9D02742926C}.Debug|Any CPU.Build.0 = Debug|Any CPU
		{E129A1EA-2E38-799A-0261-B9D02742926C}.Release|Any CPU.ActiveCfg = Release|Any CPU
		{E129A1EA-2E38-799A-0261-B9D02742926C}.Release|Any CPU.Build.0 = Release|Any CPU
		{19826DF4-FA8F-9D8B-D1F7-637A030376D4}.Debug|Any CPU.ActiveCfg = Debug|Any CPU
		{19826DF4-FA8F-9D8B-D1F7-637A030376D4}.Debug|Any CPU.Build.0 = Debug|Any CPU
		{19826DF4-FA8F-9D8B-D1F7-637A030376D4}.Release|Any CPU.ActiveCfg = Release|Any CPU
		{19826DF4-FA8F-9D8B-D1F7-637A030376D4}.Release|Any CPU.Build.0 = Release|Any CPU
		{D05E58AD-354A-2E16-38DC-BB0CC06002F4}.Debug|Any CPU.ActiveCfg = Debug|Any CPU
		{D05E58AD-354A-2E16-38DC-BB0CC06002F4}.Debug|Any CPU.Build.0 = Debug|Any CPU
		{D05E58AD-354A-2E16-38DC-BB0CC06002F4}.Release|Any CPU.ActiveCfg = Release|Any CPU
		{D05E58AD-354A-2E16-38DC-BB0CC06002F4}.Release|Any CPU.Build.0 = Release|Any CPU
		{D2B4306F-42A4-62BF-0E46-37B82DEBAAE5}.Debug|Any CPU.ActiveCfg = Debug|Any CPU
		{D2B4306F-42A4-62BF-0E46-37B82DEBAAE5}.Debug|Any CPU.Build.0 = Debug|Any CPU
		{D2B4306F-42A4-62BF-0E46-37B82DEBAAE5}.Release|Any CPU.ActiveCfg = Release|Any CPU
		{D2B4306F-42A4-62BF-0E46-37B82DEBAAE5}.Release|Any CPU.Build.0 = Release|Any CPU
		{BBD873BB-A678-C1C4-4106-9341359BF901}.Debug|Any CPU.ActiveCfg = Debug|Any CPU
		{BBD873BB-A678-C1C4-4106-9341359BF901}.Debug|Any CPU.Build.0 = Debug|Any CPU
		{BBD873BB-A678-C1C4-4106-9341359BF901}.Release|Any CPU.ActiveCfg = Release|Any CPU
		{BBD873BB-A678-C1C4-4106-9341359BF901}.Release|Any CPU.Build.0 = Release|Any CPU
		{99BC1A6B-4A96-4860-4358-C9E1F14F8776}.Debug|Any CPU.ActiveCfg = Debug|Any CPU
		{99BC1A6B-4A96-4860-4358-C9E1F14F8776}.Debug|Any CPU.Build.0 = Debug|Any CPU
		{99BC1A6B-4A96-4860-4358-C9E1F14F8776}.Release|Any CPU.ActiveCfg = Release|Any CPU
		{99BC1A6B-4A96-4860-4358-C9E1F14F8776}.Release|Any CPU.Build.0 = Release|Any CPU
		{8231D793-7F4F-A826-EC39-B8AF272B329D}.Debug|Any CPU.ActiveCfg = Debug|Any CPU
		{8231D793-7F4F-A826-EC39-B8AF272B329D}.Debug|Any CPU.Build.0 = Debug|Any CPU
		{8231D793-7F4F-A826-EC39-B8AF272B329D}.Release|Any CPU.ActiveCfg = Release|Any CPU
		{8231D793-7F4F-A826-EC39-B8AF272B329D}.Release|Any CPU.Build.0 = Release|Any CPU
		{23B9A888-643F-9B3B-973A-8653DE318B61}.Debug|Any CPU.ActiveCfg = Debug|Any CPU
		{23B9A888-643F-9B3B-973A-8653DE318B61}.Debug|Any CPU.Build.0 = Debug|Any CPU
		{23B9A888-643F-9B3B-973A-8653DE318B61}.Release|Any CPU.ActiveCfg = Release|Any CPU
		{23B9A888-643F-9B3B-973A-8653DE318B61}.Release|Any CPU.Build.0 = Release|Any CPU
	EndGlobalSection
	GlobalSection(SolutionProperties) = preSolution
		HideSolutionNode = FALSE
	EndGlobalSection
EndGlobal
